
Microsoft Visual Studio Solution File, Format Version 12.00
# Visual Studio Version 16
VisualStudioVersion = 16.0.30204.135
MinimumVisualStudioVersion = 10.0.40219.1
Project("{F2A71F9B-5D33-465A-A702-920D77279786}") = "testrpi", "testrpi\testrpi.fsproj", "{D0D44E42-FEF9-42D4-9368-1EDE415D4B5B}"
EndProject
Global
	GlobalSection(SolutionConfigurationPlatforms) = preSolution
		Debug|Any CPU = Debug|Any CPU
		Release|Any CPU = Release|Any CPU
	EndGlobalSection
	GlobalSection(ProjectConfigurationPlatforms) = postSolution
		{D0D44E42-FEF9-42D4-9368-1EDE415D4B5B}.Debug|Any CPU.ActiveCfg = Debug|Any CPU
		{D0D44E42-FEF9-42D4-9368-1EDE415D4B5B}.Debug|Any CPU.Build.0 = Debug|Any CPU
		{D0D44E42-FEF9-42D4-9368-1EDE415D4B5B}.Release|Any CPU.ActiveCfg = Release|Any CPU
		{D0D44E42-FEF9-42D4-9368-1EDE415D4B5B}.Release|Any CPU.Build.0 = Release|Any CPU
	EndGlobalSection
	GlobalSection(SolutionProperties) = preSolution
		HideSolutionNode = FALSE
	EndGlobalSection
	GlobalSection(ExtensibilityGlobals) = postSolution
		SolutionGuid = {A0D69979-860C-4736-8475-057E8DD8DB70}
	EndGlobalSection
EndGlobal
